// !$*UTF8*$!
{
	archiveVersion = 1;
	classes = {
	};
	objectVersion = 46;
	objects = {

/* Begin PBXBuildFile section */
		3B2835431BE23DDB00DA5F46 /* ios_trainning_brasileirao_apiTests.m in Sources */ = {isa = PBXBuildFile; fileRef = 3B2835421BE23DDB00DA5F46 /* ios_trainning_brasileirao_apiTests.m */; };
		3B28354E1BE23DDB00DA5F46 /* ios_trainning_brasileirao_apiUITests.m in Sources */ = {isa = PBXBuildFile; fileRef = 3B28354D1BE23DDB00DA5F46 /* ios_trainning_brasileirao_apiUITests.m */; };
		3B28356A1BE23E2500DA5F46 /* AppDelegate.m in Sources */ = {isa = PBXBuildFile; fileRef = 3B28355D1BE23E2500DA5F46 /* AppDelegate.m */; };
		3B28356C1BE23E2500DA5F46 /* Assets.xcassets in Resources */ = {isa = PBXBuildFile; fileRef = 3B2835621BE23E2500DA5F46 /* Assets.xcassets */; };
		3B28356D1BE23E2500DA5F46 /* LaunchScreen.storyboard in Resources */ = {isa = PBXBuildFile; fileRef = 3B2835631BE23E2500DA5F46 /* LaunchScreen.storyboard */; };
		3B28356E1BE23E2500DA5F46 /* Main.storyboard in Resources */ = {isa = PBXBuildFile; fileRef = 3B2835651BE23E2500DA5F46 /* Main.storyboard */; };
		3B2835701BE23E2500DA5F46 /* main.m in Sources */ = {isa = PBXBuildFile; fileRef = 3B2835691BE23E2500DA5F46 /* main.m */; };
		3B2835791BE2426500DA5F46 /* ViewController.m in Sources */ = {isa = PBXBuildFile; fileRef = 3B2835781BE2426500DA5F46 /* ViewController.m */; };
		3B28357D1BE24D6600DA5F46 /* Match.m in Sources */ = {isa = PBXBuildFile; fileRef = 3B28357C1BE24D6600DA5F46 /* Match.m */; };
		3B2835801BE24FFD00DA5F46 /* Team.m in Sources */ = {isa = PBXBuildFile; fileRef = 3B28357F1BE24FFD00DA5F46 /* Team.m */; };
		3B2835841BE255C100DA5F46 /* TitleDC.m in Sources */ = {isa = PBXBuildFile; fileRef = 3B2835831BE255C100DA5F46 /* TitleDC.m */; };
		7DC2538442B01ACFE7BB6C0C /* Pods.framework in Frameworks */ = {isa = PBXBuildFile; fileRef = F5725F02F33CC1D1D8E4F6FE /* Pods.framework */; };
/* End PBXBuildFile section */

/* Begin PBXContainerItemProxy section */
		3B28353F1BE23DDB00DA5F46 /* PBXContainerItemProxy */ = {
			isa = PBXContainerItemProxy;
			containerPortal = 3B28351D1BE23DDA00DA5F46 /* Project object */;
			proxyType = 1;
			remoteGlobalIDString = 3B2835241BE23DDA00DA5F46;
			remoteInfo = "ios-trainning-brasileirao-api";
		};
		3B28354A1BE23DDB00DA5F46 /* PBXContainerItemProxy */ = {
			isa = PBXContainerItemProxy;
			containerPortal = 3B28351D1BE23DDA00DA5F46 /* Project object */;
			proxyType = 1;
			remoteGlobalIDString = 3B2835241BE23DDA00DA5F46;
			remoteInfo = "ios-trainning-brasileirao-api";
		};
/* End PBXContainerItemProxy section */

/* Begin PBXFileReference section */
		3B2835251BE23DDA00DA5F46 /* ios-trainning-brasileirao-api.app */ = {isa = PBXFileReference; explicitFileType = wrapper.application; includeInIndex = 0; path = "ios-trainning-brasileirao-api.app"; sourceTree = BUILT_PRODUCTS_DIR; };
		3B28353E1BE23DDB00DA5F46 /* ios-trainning-brasileirao-apiTests.xctest */ = {isa = PBXFileReference; explicitFileType = wrapper.cfbundle; includeInIndex = 0; path = "ios-trainning-brasileirao-apiTests.xctest"; sourceTree = BUILT_PRODUCTS_DIR; };
		3B2835421BE23DDB00DA5F46 /* ios_trainning_brasileirao_apiTests.m */ = {isa = PBXFileReference; lastKnownFileType = sourcecode.c.objc; path = ios_trainning_brasileirao_apiTests.m; sourceTree = "<group>"; };
		3B2835441BE23DDB00DA5F46 /* Info.plist */ = {isa = PBXFileReference; lastKnownFileType = text.plist.xml; path = Info.plist; sourceTree = "<group>"; };
		3B2835491BE23DDB00DA5F46 /* ios-trainning-brasileirao-apiUITests.xctest */ = {isa = PBXFileReference; explicitFileType = wrapper.cfbundle; includeInIndex = 0; path = "ios-trainning-brasileirao-apiUITests.xctest"; sourceTree = BUILT_PRODUCTS_DIR; };
		3B28354D1BE23DDB00DA5F46 /* ios_trainning_brasileirao_apiUITests.m */ = {isa = PBXFileReference; lastKnownFileType = sourcecode.c.objc; path = ios_trainning_brasileirao_apiUITests.m; sourceTree = "<group>"; };
		3B28354F1BE23DDB00DA5F46 /* Info.plist */ = {isa = PBXFileReference; lastKnownFileType = text.plist.xml; path = Info.plist; sourceTree = "<group>"; };
		3B28355C1BE23E2500DA5F46 /* AppDelegate.h */ = {isa = PBXFileReference; fileEncoding = 4; lastKnownFileType = sourcecode.c.h; path = AppDelegate.h; sourceTree = "<group>"; };
		3B28355D1BE23E2500DA5F46 /* AppDelegate.m */ = {isa = PBXFileReference; fileEncoding = 4; lastKnownFileType = sourcecode.c.objc; path = AppDelegate.m; sourceTree = "<group>"; };
		3B2835621BE23E2500DA5F46 /* Assets.xcassets */ = {isa = PBXFileReference; lastKnownFileType = folder.assetcatalog; path = Assets.xcassets; sourceTree = "<group>"; };
		3B2835641BE23E2500DA5F46 /* Base */ = {isa = PBXFileReference; lastKnownFileType = file.storyboard; name = Base; path = Base.lproj/LaunchScreen.storyboard; sourceTree = "<group>"; };
		3B2835661BE23E2500DA5F46 /* Base */ = {isa = PBXFileReference; lastKnownFileType = file.storyboard; name = Base; path = Base.lproj/Main.storyboard; sourceTree = "<group>"; };
		3B2835681BE23E2500DA5F46 /* Info.plist */ = {isa = PBXFileReference; fileEncoding = 4; lastKnownFileType = text.plist.xml; path = Info.plist; sourceTree = "<group>"; };
		3B2835691BE23E2500DA5F46 /* main.m */ = {isa = PBXFileReference; fileEncoding = 4; lastKnownFileType = sourcecode.c.objc; path = main.m; sourceTree = "<group>"; };
		3B2835771BE2426500DA5F46 /* ViewController.h */ = {isa = PBXFileReference; fileEncoding = 4; lastKnownFileType = sourcecode.c.h; path = ViewController.h; sourceTree = SOURCE_ROOT; };
		3B2835781BE2426500DA5F46 /* ViewController.m */ = {isa = PBXFileReference; fileEncoding = 4; lastKnownFileType = sourcecode.c.objc; path = ViewController.m; sourceTree = SOURCE_ROOT; };
		3B28357B1BE24D6600DA5F46 /* Match.h */ = {isa = PBXFileReference; fileEncoding = 4; lastKnownFileType = sourcecode.c.h; path = Match.h; sourceTree = "<group>"; };
		3B28357C1BE24D6600DA5F46 /* Match.m */ = {isa = PBXFileReference; fileEncoding = 4; lastKnownFileType = sourcecode.c.objc; path = Match.m; sourceTree = "<group>"; };
		3B28357E1BE24FFD00DA5F46 /* Team.h */ = {isa = PBXFileReference; fileEncoding = 4; lastKnownFileType = sourcecode.c.h; path = Team.h; sourceTree = "<group>"; };
		3B28357F1BE24FFD00DA5F46 /* Team.m */ = {isa = PBXFileReference; fileEncoding = 4; lastKnownFileType = sourcecode.c.objc; path = Team.m; sourceTree = "<group>"; };
		3B2835821BE255C100DA5F46 /* TitleDC.h */ = {isa = PBXFileReference; fileEncoding = 4; lastKnownFileType = sourcecode.c.h; path = TitleDC.h; sourceTree = "<group>"; };
		3B2835831BE255C100DA5F46 /* TitleDC.m */ = {isa = PBXFileReference; fileEncoding = 4; lastKnownFileType = sourcecode.c.objc; path = TitleDC.m; sourceTree = "<group>"; };
		5D63ECB4C69701C46F03D1B1 /* Pods.debug.xcconfig */ = {isa = PBXFileReference; includeInIndex = 1; lastKnownFileType = text.xcconfig; name = Pods.debug.xcconfig; path = "Pods/Target Support Files/Pods/Pods.debug.xcconfig"; sourceTree = "<group>"; };
		97C586FB503ADF5E086C4551 /* Pods.release.xcconfig */ = {isa = PBXFileReference; includeInIndex = 1; lastKnownFileType = text.xcconfig; name = Pods.release.xcconfig; path = "Pods/Target Support Files/Pods/Pods.release.xcconfig"; sourceTree = "<group>"; };
		F5725F02F33CC1D1D8E4F6FE /* Pods.framework */ = {isa = PBXFileReference; explicitFileType = wrapper.framework; includeInIndex = 0; path = Pods.framework; sourceTree = BUILT_PRODUCTS_DIR; };
/* End PBXFileReference section */

/* Begin PBXFrameworksBuildPhase section */
		3B2835221BE23DDA00DA5F46 /* Frameworks */ = {
			isa = PBXFrameworksBuildPhase;
			buildActionMask = 2147483647;
			files = (
				7DC2538442B01ACFE7BB6C0C /* Pods.framework in Frameworks */,
			);
			runOnlyForDeploymentPostprocessing = 0;
		};
		3B28353B1BE23DDB00DA5F46 /* Frameworks */ = {
			isa = PBXFrameworksBuildPhase;
			buildActionMask = 2147483647;
			files = (
			);
			runOnlyForDeploymentPostprocessing = 0;
		};
		3B2835461BE23DDB00DA5F46 /* Frameworks */ = {
			isa = PBXFrameworksBuildPhase;
			buildActionMask = 2147483647;
			files = (
			);
			runOnlyForDeploymentPostprocessing = 0;
		};
/* End PBXFrameworksBuildPhase section */

/* Begin PBXGroup section */
		3B28351C1BE23DDA00DA5F46 = {
			isa = PBXGroup;
			children = (
				3B2835271BE23DDA00DA5F46 /* ios-trainning-brasileirao-api */,
				3B2835411BE23DDB00DA5F46 /* ios-trainning-brasileirao-apiTests */,
				3B28354C1BE23DDB00DA5F46 /* ios-trainning-brasileirao-apiUITests */,
				3B2835261BE23DDA00DA5F46 /* Products */,
				8DB9192CF3216FBBE1DFF4F7 /* Pods */,
				790C96CEA854889DADAE90C4 /* Frameworks */,
			);
			sourceTree = "<group>";
		};
		3B2835261BE23DDA00DA5F46 /* Products */ = {
			isa = PBXGroup;
			children = (
				3B2835251BE23DDA00DA5F46 /* ios-trainning-brasileirao-api.app */,
				3B28353E1BE23DDB00DA5F46 /* ios-trainning-brasileirao-apiTests.xctest */,
				3B2835491BE23DDB00DA5F46 /* ios-trainning-brasileirao-apiUITests.xctest */,
			);
			name = Products;
			sourceTree = "<group>";
		};
		3B2835271BE23DDA00DA5F46 /* ios-trainning-brasileirao-api */ = {
			isa = PBXGroup;
			children = (
				3B2835811BE2551A00DA5F46 /* View */,
				3B28357A1BE24C5D00DA5F46 /* Model */,
				3B28355B1BE23E2500DA5F46 /* AppDelegate */,
				3B28355E1BE23E2500DA5F46 /* Controller */,
				3B2835611BE23E2500DA5F46 /* Ressources */,
				3B2835671BE23E2500DA5F46 /* Supporting Files */,
			);
			path = "ios-trainning-brasileirao-api";
			sourceTree = "<group>";
		};
		3B2835411BE23DDB00DA5F46 /* ios-trainning-brasileirao-apiTests */ = {
			isa = PBXGroup;
			children = (
				3B2835421BE23DDB00DA5F46 /* ios_trainning_brasileirao_apiTests.m */,
				3B2835441BE23DDB00DA5F46 /* Info.plist */,
			);
			path = "ios-trainning-brasileirao-apiTests";
			sourceTree = "<group>";
		};
		3B28354C1BE23DDB00DA5F46 /* ios-trainning-brasileirao-apiUITests */ = {
			isa = PBXGroup;
			children = (
				3B28354D1BE23DDB00DA5F46 /* ios_trainning_brasileirao_apiUITests.m */,
				3B28354F1BE23DDB00DA5F46 /* Info.plist */,
			);
			path = "ios-trainning-brasileirao-apiUITests";
			sourceTree = "<group>";
		};
		3B28355B1BE23E2500DA5F46 /* AppDelegate */ = {
			isa = PBXGroup;
			children = (
				3B28355C1BE23E2500DA5F46 /* AppDelegate.h */,
				3B28355D1BE23E2500DA5F46 /* AppDelegate.m */,
			);
			path = AppDelegate;
			sourceTree = "<group>";
		};
		3B28355E1BE23E2500DA5F46 /* Controller */ = {
			isa = PBXGroup;
			children = (
				3B2835771BE2426500DA5F46 /* ViewController.h */,
				3B2835781BE2426500DA5F46 /* ViewController.m */,
			);
			path = Controller;
			sourceTree = "<group>";
		};
		3B2835611BE23E2500DA5F46 /* Ressources */ = {
			isa = PBXGroup;
			children = (
				3B2835621BE23E2500DA5F46 /* Assets.xcassets */,
				3B2835631BE23E2500DA5F46 /* LaunchScreen.storyboard */,
				3B2835651BE23E2500DA5F46 /* Main.storyboard */,
			);
			path = Ressources;
			sourceTree = "<group>";
		};
		3B2835671BE23E2500DA5F46 /* Supporting Files */ = {
			isa = PBXGroup;
			children = (
				3B2835681BE23E2500DA5F46 /* Info.plist */,
				3B2835691BE23E2500DA5F46 /* main.m */,
			);
			path = "Supporting Files";
			sourceTree = "<group>";
		};
		3B28357A1BE24C5D00DA5F46 /* Model */ = {
			isa = PBXGroup;
			children = (
				3B28357B1BE24D6600DA5F46 /* Match.h */,
				3B28357C1BE24D6600DA5F46 /* Match.m */,
				3B28357E1BE24FFD00DA5F46 /* Team.h */,
				3B28357F1BE24FFD00DA5F46 /* Team.m */,
			);
			path = Model;
			sourceTree = "<group>";
		};
		3B2835811BE2551A00DA5F46 /* View */ = {
			isa = PBXGroup;
			children = (
				3B2835821BE255C100DA5F46 /* TitleDC.h */,
				3B2835831BE255C100DA5F46 /* TitleDC.m */,
			);
			path = View;
			sourceTree = "<group>";
		};
		790C96CEA854889DADAE90C4 /* Frameworks */ = {
			isa = PBXGroup;
			children = (
				F5725F02F33CC1D1D8E4F6FE /* Pods.framework */,
			);
			name = Frameworks;
			sourceTree = "<group>";
		};
		8DB9192CF3216FBBE1DFF4F7 /* Pods */ = {
			isa = PBXGroup;
			children = (
				5D63ECB4C69701C46F03D1B1 /* Pods.debug.xcconfig */,
				97C586FB503ADF5E086C4551 /* Pods.release.xcconfig */,
			);
			name = Pods;
			sourceTree = "<group>";
		};
/* End PBXGroup section */

/* Begin PBXNativeTarget section */
		3B2835241BE23DDA00DA5F46 /* ios-trainning-brasileirao-api */ = {
			isa = PBXNativeTarget;
			buildConfigurationList = 3B2835521BE23DDB00DA5F46 /* Build configuration list for PBXNativeTarget "ios-trainning-brasileirao-api" */;
			buildPhases = (
				6BC5AC60BCDA46B6120D9B75 /* Check Pods Manifest.lock */,
				3B2835211BE23DDA00DA5F46 /* Sources */,
				3B2835221BE23DDA00DA5F46 /* Frameworks */,
				3B2835231BE23DDA00DA5F46 /* Resources */,
				60B5F401C73EA974B3755492 /* Embed Pods Frameworks */,
				2FA508C07215379C738799E3 /* Copy Pods Resources */,
			);
			buildRules = (
			);
			dependencies = (
			);
			name = "ios-trainning-brasileirao-api";
			productName = "ios-trainning-brasileirao-api";
			productReference = 3B2835251BE23DDA00DA5F46 /* ios-trainning-brasileirao-api.app */;
			productType = "com.apple.product-type.application";
		};
		3B28353D1BE23DDB00DA5F46 /* ios-trainning-brasileirao-apiTests */ = {
			isa = PBXNativeTarget;
			buildConfigurationList = 3B2835551BE23DDB00DA5F46 /* Build configuration list for PBXNativeTarget "ios-trainning-brasileirao-apiTests" */;
			buildPhases = (
				3B28353A1BE23DDB00DA5F46 /* Sources */,
				3B28353B1BE23DDB00DA5F46 /* Frameworks */,
				3B28353C1BE23DDB00DA5F46 /* Resources */,
			);
			buildRules = (
			);
			dependencies = (
				3B2835401BE23DDB00DA5F46 /* PBXTargetDependency */,
			);
			name = "ios-trainning-brasileirao-apiTests";
			productName = "ios-trainning-brasileirao-apiTests";
			productReference = 3B28353E1BE23DDB00DA5F46 /* ios-trainning-brasileirao-apiTests.xctest */;
			productType = "com.apple.product-type.bundle.unit-test";
		};
		3B2835481BE23DDB00DA5F46 /* ios-trainning-brasileirao-apiUITests */ = {
			isa = PBXNativeTarget;
			buildConfigurationList = 3B2835581BE23DDB00DA5F46 /* Build configuration list for PBXNativeTarget "ios-trainning-brasileirao-apiUITests" */;
			buildPhases = (
				3B2835451BE23DDB00DA5F46 /* Sources */,
				3B2835461BE23DDB00DA5F46 /* Frameworks */,
				3B2835471BE23DDB00DA5F46 /* Resources */,
			);
			buildRules = (
			);
			dependencies = (
				3B28354B1BE23DDB00DA5F46 /* PBXTargetDependency */,
			);
			name = "ios-trainning-brasileirao-apiUITests";
			productName = "ios-trainning-brasileirao-apiUITests";
			productReference = 3B2835491BE23DDB00DA5F46 /* ios-trainning-brasileirao-apiUITests.xctest */;
			productType = "com.apple.product-type.bundle.ui-testing";
		};
/* End PBXNativeTarget section */

/* Begin PBXProject section */
		3B28351D1BE23DDA00DA5F46 /* Project object */ = {
			isa = PBXProject;
			attributes = {
				LastUpgradeCheck = 0710;
				ORGANIZATIONNAME = "Treinamento Mobile";
				TargetAttributes = {
					3B2835241BE23DDA00DA5F46 = {
						CreatedOnToolsVersion = 7.1;
					};
					3B28353D1BE23DDB00DA5F46 = {
						CreatedOnToolsVersion = 7.1;
						TestTargetID = 3B2835241BE23DDA00DA5F46;
					};
					3B2835481BE23DDB00DA5F46 = {
						CreatedOnToolsVersion = 7.1;
						TestTargetID = 3B2835241BE23DDA00DA5F46;
					};
				};
			};
			buildConfigurationList = 3B2835201BE23DDA00DA5F46 /* Build configuration list for PBXProject "ios-trainning-brasileirao-api" */;
			compatibilityVersion = "Xcode 3.2";
			developmentRegion = English;
			hasScannedForEncodings = 0;
			knownRegions = (
				en,
				Base,
			);
			mainGroup = 3B28351C1BE23DDA00DA5F46;
			productRefGroup = 3B2835261BE23DDA00DA5F46 /* Products */;
			projectDirPath = "";
			projectRoot = "";
			targets = (
				3B2835241BE23DDA00DA5F46 /* ios-trainning-brasileirao-api */,
				3B28353D1BE23DDB00DA5F46 /* ios-trainning-brasileirao-apiTests */,
				3B2835481BE23DDB00DA5F46 /* ios-trainning-brasileirao-apiUITests */,
			);
		};
/* End PBXProject section */

/* Begin PBXResourcesBuildPhase section */
		3B2835231BE23DDA00DA5F46 /* Resources */ = {
			isa = PBXResourcesBuildPhase;
			buildActionMask = 2147483647;
			files = (
				3B28356C1BE23E2500DA5F46 /* Assets.xcassets in Resources */,
				3B28356E1BE23E2500DA5F46 /* Main.storyboard in Resources */,
				3B28356D1BE23E2500DA5F46 /* LaunchScreen.storyboard in Resources */,
			);
			runOnlyForDeploymentPostprocessing = 0;
		};
		3B28353C1BE23DDB00DA5F46 /* Resources */ = {
			isa = PBXResourcesBuildPhase;
			buildActionMask = 2147483647;
			files = (
			);
			runOnlyForDeploymentPostprocessing = 0;
		};
		3B2835471BE23DDB00DA5F46 /* Resources */ = {
			isa = PBXResourcesBuildPhase;
			buildActionMask = 2147483647;
			files = (
			);
			runOnlyForDeploymentPostprocessing = 0;
		};
/* End PBXResourcesBuildPhase section */

/* Begin PBXShellScriptBuildPhase section */
		2FA508C07215379C738799E3 /* Copy Pods Resources */ = {
			isa = PBXShellScriptBuildPhase;
			buildActionMask = 2147483647;
			files = (
			);
			inputPaths = (
			);
			name = "Copy Pods Resources";
			outputPaths = (
			);
			runOnlyForDeploymentPostprocessing = 0;
			shellPath = /bin/sh;
			shellScript = "\"${SRCROOT}/Pods/Target Support Files/Pods/Pods-resources.sh\"\n";
			showEnvVarsInLog = 0;
		};
		60B5F401C73EA974B3755492 /* Embed Pods Frameworks */ = {
			isa = PBXShellScriptBuildPhase;
			buildActionMask = 2147483647;
			files = (
			);
			inputPaths = (
			);
			name = "Embed Pods Frameworks";
			outputPaths = (
			);
			runOnlyForDeploymentPostprocessing = 0;
			shellPath = /bin/sh;
			shellScript = "\"${SRCROOT}/Pods/Target Support Files/Pods/Pods-frameworks.sh\"\n";
			showEnvVarsInLog = 0;
		};
		6BC5AC60BCDA46B6120D9B75 /* Check Pods Manifest.lock */ = {
			isa = PBXShellScriptBuildPhase;
			buildActionMask = 2147483647;
			files = (
			);
			inputPaths = (
			);
			name = "Check Pods Manifest.lock";
			outputPaths = (
			);
			runOnlyForDeploymentPostprocessing = 0;
			shellPath = /bin/sh;
			shellScript = "diff \"${PODS_ROOT}/../Podfile.lock\" \"${PODS_ROOT}/Manifest.lock\" > /dev/null\nif [[ $? != 0 ]] ; then\n    cat << EOM\nerror: The sandbox is not in sync with the Podfile.lock. Run 'pod install' or update your CocoaPods installation.\nEOM\n    exit 1\nfi\n";
			showEnvVarsInLog = 0;
		};
/* End PBXShellScriptBuildPhase section */

/* Begin PBXSourcesBuildPhase section */
		3B2835211BE23DDA00DA5F46 /* Sources */ = {
			isa = PBXSourcesBuildPhase;
			buildActionMask = 2147483647;
			files = (
				3B28356A1BE23E2500DA5F46 /* AppDelegate.m in Sources */,
				3B2835791BE2426500DA5F46 /* ViewController.m in Sources */,
				3B28357D1BE24D6600DA5F46 /* Match.m in Sources */,
				3B2835841BE255C100DA5F46 /* TitleDC.m in Sources */,
				3B2835801BE24FFD00DA5F46 /* Team.m in Sources */,
				3B2835701BE23E2500DA5F46 /* main.m in Sources */,
			);
			runOnlyForDeploymentPostprocessing = 0;
		};
		3B28353A1BE23DDB00DA5F46 /* Sources */ = {
			isa = PBXSourcesBuildPhase;
			buildActionMask = 2147483647;
			files = (
				3B2835431BE23DDB00DA5F46 /* ios_trainning_brasileirao_apiTests.m in Sources */,
			);
			runOnlyForDeploymentPostprocessing = 0;
		};
		3B2835451BE23DDB00DA5F46 /* Sources */ = {
			isa = PBXSourcesBuildPhase;
			buildActionMask = 2147483647;
			files = (
				3B28354E1BE23DDB00DA5F46 /* ios_trainning_brasileirao_apiUITests.m in Sources */,
			);
			runOnlyForDeploymentPostprocessing = 0;
		};
/* End PBXSourcesBuildPhase section */

/* Begin PBXTargetDependency section */
		3B2835401BE23DDB00DA5F46 /* PBXTargetDependency */ = {
			isa = PBXTargetDependency;
			target = 3B2835241BE23DDA00DA5F46 /* ios-trainning-brasileirao-api */;
			targetProxy = 3B28353F1BE23DDB00DA5F46 /* PBXContainerItemProxy */;
		};
		3B28354B1BE23DDB00DA5F46 /* PBXTargetDependency */ = {
			isa = PBXTargetDependency;
			target = 3B2835241BE23DDA00DA5F46 /* ios-trainning-brasileirao-api */;
			targetProxy = 3B28354A1BE23DDB00DA5F46 /* PBXContainerItemProxy */;
		};
/* End PBXTargetDependency section */

/* Begin PBXVariantGroup section */
		3B2835631BE23E2500DA5F46 /* LaunchScreen.storyboard */ = {
			isa = PBXVariantGroup;
			children = (
				3B2835641BE23E2500DA5F46 /* Base */,
			);
			name = LaunchScreen.storyboard;
			sourceTree = "<group>";
		};
		3B2835651BE23E2500DA5F46 /* Main.storyboard */ = {
			isa = PBXVariantGroup;
			children = (
				3B2835661BE23E2500DA5F46 /* Base */,
			);
			name = Main.storyboard;
			sourceTree = "<group>";
		};
/* End PBXVariantGroup section */

/* Begin XCBuildConfiguration section */
		3B2835501BE23DDB00DA5F46 /* Debug */ = {
			isa = XCBuildConfiguration;
			buildSettings = {
				ALWAYS_SEARCH_USER_PATHS = NO;
				CLANG_CXX_LANGUAGE_STANDARD = "gnu++0x";
				CLANG_CXX_LIBRARY = "libc++";
				CLANG_ENABLE_MODULES = YES;
				CLANG_ENABLE_OBJC_ARC = YES;
				CLANG_WARN_BOOL_CONVERSION = YES;
				CLANG_WARN_CONSTANT_CONVERSION = YES;
				CLANG_WARN_DIRECT_OBJC_ISA_USAGE = YES_ERROR;
				CLANG_WARN_EMPTY_BODY = YES;
				CLANG_WARN_ENUM_CONVERSION = YES;
				CLANG_WARN_INT_CONVERSION = YES;
				CLANG_WARN_OBJC_ROOT_CLASS = YES_ERROR;
				CLANG_WARN_UNREACHABLE_CODE = YES;
				CLANG_WARN__DUPLICATE_METHOD_MATCH = YES;
				"CODE_SIGN_IDENTITY[sdk=iphoneos*]" = "iPhone Developer";
				COPY_PHASE_STRIP = NO;
				DEBUG_INFORMATION_FORMAT = dwarf;
				ENABLE_STRICT_OBJC_MSGSEND = YES;
				ENABLE_TESTABILITY = YES;
				GCC_C_LANGUAGE_STANDARD = gnu99;
				GCC_DYNAMIC_NO_PIC = NO;
				GCC_NO_COMMON_BLOCKS = YES;
				GCC_OPTIMIZATION_LEVEL = 0;
				GCC_PREPROCESSOR_DEFINITIONS = (
					"DEBUG=1",
					"$(inherited)",
				);
				GCC_WARN_64_TO_32_BIT_CONVERSION = YES;
				GCC_WARN_ABOUT_RETURN_TYPE = YES_ERROR;
				GCC_WARN_UNDECLARED_SELECTOR = YES;
				GCC_WARN_UNINITIALIZED_AUTOS = YES_AGGRESSIVE;
				GCC_WARN_UNUSED_FUNCTION = YES;
				GCC_WARN_UNUSED_VARIABLE = YES;
				IPHONEOS_DEPLOYMENT_TARGET = 9.1;
				MTL_ENABLE_DEBUG_INFO = YES;
				ONLY_ACTIVE_ARCH = YES;
				SDKROOT = iphoneos;
				TARGETED_DEVICE_FAMILY = "1,2";
			};
			name = Debug;
		};
		3B2835511BE23DDB00DA5F46 /* Release */ = {
			isa = XCBuildConfiguration;
			buildSettings = {
				ALWAYS_SEARCH_USER_PATHS = NO;
				CLANG_CXX_LANGUAGE_STANDARD = "gnu++0x";
				CLANG_CXX_LIBRARY = "libc++";
				CLANG_ENABLE_MODULES = YES;
				CLANG_ENABLE_OBJC_ARC = YES;
				CLANG_WARN_BOOL_CONVERSION = YES;
				CLANG_WARN_CONSTANT_CONVERSION = YES;
				CLANG_WARN_DIRECT_OBJC_ISA_USAGE = YES_ERROR;
				CLANG_WARN_EMPTY_BODY = YES;
				CLANG_WARN_ENUM_CONVERSION = YES;
				CLANG_WARN_INT_CONVERSION = YES;
				CLANG_WARN_OBJC_ROOT_CLASS = YES_ERROR;
				CLANG_WARN_UNREACHABLE_CODE = YES;
				CLANG_WARN__DUPLICATE_METHOD_MATCH = YES;
				"CODE_SIGN_IDENTITY[sdk=iphoneos*]" = "iPhone Developer";
				COPY_PHASE_STRIP = NO;
				DEBUG_INFORMATION_FORMAT = "dwarf-with-dsym";
				ENABLE_NS_ASSERTIONS = NO;
				ENABLE_STRICT_OBJC_MSGSEND = YES;
				GCC_C_LANGUAGE_STANDARD = gnu99;
				GCC_NO_COMMON_BLOCKS = YES;
				GCC_WARN_64_TO_32_BIT_CONVERSION = YES;
				GCC_WARN_ABOUT_RETURN_TYPE = YES_ERROR;
				GCC_WARN_UNDECLARED_SELECTOR = YES;
				GCC_WARN_UNINITIALIZED_AUTOS = YES_AGGRESSIVE;
				GCC_WARN_UNUSED_FUNCTION = YES;
				GCC_WARN_UNUSED_VARIABLE = YES;
				IPHONEOS_DEPLOYMENT_TARGET = 9.1;
				MTL_ENABLE_DEBUG_INFO = NO;
				SDKROOT = iphoneos;
				TARGETED_DEVICE_FAMILY = "1,2";
				VALIDATE_PRODUCT = YES;
			};
			name = Release;
		};
		3B2835531BE23DDB00DA5F46 /* Debug */ = {
			isa = XCBuildConfiguration;
			baseConfigurationReference = 5D63ECB4C69701C46F03D1B1 /* Pods.debug.xcconfig */;
			buildSettings = {
				ASSETCATALOG_COMPILER_APPICON_NAME = AppIcon;
				INFOPLIST_FILE = "$(SRCROOT)/ios-trainning-brasileirao-api/Supporting Files/Info.plist";
				LD_RUNPATH_SEARCH_PATHS = "$(inherited) @executable_path/Frameworks";
				PRODUCT_BUNDLE_IDENTIFIER = "com.test.locaweb.ios-trainning-brasileirao-api";
				PRODUCT_NAME = "$(TARGET_NAME)";
			};
			name = Debug;
		};
		3B2835541BE23DDB00DA5F46 /* Release */ = {
			isa = XCBuildConfiguration;
			baseConfigurationReference = 97C586FB503ADF5E086C4551 /* Pods.release.xcconfig */;
			buildSettings = {
				ASSETCATALOG_COMPILER_APPICON_NAME = AppIcon;
				INFOPLIST_FILE = "$(SRCROOT)/ios-trainning-brasileirao-api/Supporting Files/Info.plist";
				LD_RUNPATH_SEARCH_PATHS = "$(inherited) @executable_path/Frameworks";
				PRODUCT_BUNDLE_IDENTIFIER = "com.test.locaweb.ios-trainning-brasileirao-api";
				PRODUCT_NAME = "$(TARGET_NAME)";
			};
			name = Release;
		};
		3B2835561BE23DDB00DA5F46 /* Debug */ = {
			isa = XCBuildConfiguration;
			buildSettings = {
				BUNDLE_LOADER = "$(TEST_HOST)";
				INFOPLIST_FILE = "ios-trainning-brasileirao-apiTests/Info.plist";
				LD_RUNPATH_SEARCH_PATHS = "$(inherited) @executable_path/Frameworks @loader_path/Frameworks";
				PRODUCT_BUNDLE_IDENTIFIER = "com.test.locaweb.ios-trainning-brasileirao-apiTests";
				PRODUCT_NAME = "$(TARGET_NAME)";
				TEST_HOST = "$(BUILT_PRODUCTS_DIR)/ios-trainning-brasileirao-api.app/ios-trainning-brasileirao-api";
			};
			name = Debug;
		};
		3B2835571BE23DDB00DA5F46 /* Release */ = {
			isa = XCBuildConfiguration;
			buildSettings = {
				BUNDLE_LOADER = "$(TEST_HOST)";
				INFOPLIST_FILE = "ios-trainning-brasileirao-apiTests/Info.plist";
				LD_RUNPATH_SEARCH_PATHS = "$(inherited) @executable_path/Frameworks @loader_path/Frameworks";
				PRODUCT_BUNDLE_IDENTIFIER = "com.test.locaweb.ios-trainning-brasileirao-apiTests";
				PRODUCT_NAME = "$(TARGET_NAME)";
				TEST_HOST = "$(BUILT_PRODUCTS_DIR)/ios-trainning-brasileirao-api.app/ios-trainning-brasileirao-api";
			};
			name = Release;
		};
		3B2835591BE23DDB00DA5F46 /* Debug */ = {
			isa = XCBuildConfiguration;
			buildSettings = {
				INFOPLIST_FILE = "ios-trainning-brasileirao-apiUITests/Info.plist";
				LD_RUNPATH_SEARCH_PATHS = "$(inherited) @executable_path/Frameworks @loader_path/Frameworks";
				PRODUCT_BUNDLE_IDENTIFIER = "com.test.locaweb.ios-trainning-brasileirao-apiUITests";
				PRODUCT_NAME = "$(TARGET_NAME)";
				TEST_TARGET_NAME = "ios-trainning-brasileirao-api";
				USES_XCTRUNNER = YES;
			};
			name = Debug;
		};
		3B28355A1BE23DDB00DA5F46 /* Release */ = {
			isa = XCBuildConfiguration;
			buildSettings = {
				INFOPLIST_FILE = "ios-trainning-brasileirao-apiUITests/Info.plist";
				LD_RUNPATH_SEARCH_PATHS = "$(inherited) @executable_path/Frameworks @loader_path/Frameworks";
				PRODUCT_BUNDLE_IDENTIFIER = "com.test.locaweb.ios-trainning-brasileirao-apiUITests";
				PRODUCT_NAME = "$(TARGET_NAME)";
				TEST_TARGET_NAME = "ios-trainning-brasileirao-api";
				USES_XCTRUNNER = YES;
			};
			name = Release;
		};
/* End XCBuildConfiguration section */

/* Begin XCConfigurationList section */
		3B2835201BE23DDA00DA5F46 /* Build configuration list for PBXProject "ios-trainning-brasileirao-api" */ = {
			isa = XCConfigurationList;
			buildConfigurations = (
				3B2835501BE23DDB00DA5F46 /* Debug */,
				3B2835511BE23DDB00DA5F46 /* Release */,
			);
			defaultConfigurationIsVisible = 0;
			defaultConfigurationName = Release;
		};
		3B2835521BE23DDB00DA5F46 /* Build configuration list for PBXNativeTarget "ios-trainning-brasileirao-api" */ = {
			isa = XCConfigurationList;
			buildConfigurations = (
				3B2835531BE23DDB00DA5F46 /* Debug */,
				3B2835541BE23DDB00DA5F46 /* Release */,
			);
			defaultConfigurationIsVisible = 0;
			defaultConfigurationName = Release;
		};
		3B2835551BE23DDB00DA5F46 /* Build configuration list for PBXNativeTarget "ios-trainning-brasileirao-apiTests" */ = {
			isa = XCConfigurationList;
			buildConfigurations = (
				3B2835561BE23DDB00DA5F46 /* Debug */,
				3B2835571BE23DDB00DA5F46 /* Release */,
			);
			defaultConfigurationIsVisible = 0;
			defaultConfigurationName = Release;
		};
		3B2835581BE23DDB00DA5F46 /* Build configuration list for PBXNativeTarget "ios-trainning-brasileirao-apiUITests" */ = {
			isa = XCConfigurationList;
			buildConfigurations = (
				3B2835591BE23DDB00DA5F46 /* Debug */,
				3B28355A1BE23DDB00DA5F46 /* Release */,
			);
			defaultConfigurationIsVisible = 0;
			defaultConfigurationName = Release;
		};
/* End XCConfigurationList section */
	};
	rootObject = 3B28351D1BE23DDA00DA5F46 /* Project object */;
}
